
Microsoft Visual Studio Solution File, Format Version 12.00
# Visual Studio 14
VisualStudioVersion = 14.0.25420.1
MinimumVisualStudioVersion = 10.0.40219.1
Project("{8BC9CEB8-8B4A-11D0-8D11-00A0C91BC942}") = "POJ3337", "POJ3237\POJ3237.vcxproj", "{C34E34F9-D72D-4D12-8F70-143E49406610}"
EndProject
Project("{8BC9CEB8-8B4A-11D0-8D11-00A0C91BC942}") = "POJ3750", "POJ3750\POJ3750.vcxproj", "{0F0DB29F-2B5E-404D-82F8-B506F53967DE}"
EndProject
Project("{8BC9CEB8-8B4A-11D0-8D11-00A0C91BC942}") = "POJ1363", "POJ1363\POJ1363.vcxproj", "{A29260C7-5A67-4935-A6E6-964AE7D10F3E}"
EndProject
Global
	GlobalSection(SolutionConfigurationPlatforms) = preSolution
		Debug|x64 = Debug|x64
		Debug|x86 = Debug|x86
		Release|x64 = Release|x64
		Release|x86 = Release|x86
	EndGlobalSection
	GlobalSection(ProjectConfigurationPlatforms) = postSolution
		{C34E34F9-D72D-4D12-8F70-143E49406610}.Debug|x64.ActiveCfg = Debug|x64
		{C34E34F9-D72D-4D12-8F70-143E49406610}.Debug|x64.Build.0 = Debug|x64
		{C34E34F9-D72D-4D12-8F70-143E49406610}.Debug|x86.ActiveCfg = Debug|Win32
		{C34E34F9-D72D-4D12-8F70-143E49406610}.Debug|x86.Build.0 = Debug|Win32
		{C34E34F9-D72D-4D12-8F70-143E49406610}.Release|x64.ActiveCfg = Release|x64
		{C34E34F9-D72D-4D12-8F70-143E49406610}.Release|x64.Build.0 = Release|x64
		{C34E34F9-D72D-4D12-8F70-143E49406610}.Release|x86.ActiveCfg = Release|Win32
		{C34E34F9-D72D-4D12-8F70-143E49406610}.Release|x86.Build.0 = Release|Win32
		{0F0DB29F-2B5E-404D-82F8-B506F53967DE}.Debug|x64.ActiveCfg = Debug|x64
		{0F0DB29F-2B5E-404D-82F8-B506F53967DE}.Debug|x64.Build.0 = Debug|x64
		{0F0DB29F-2B5E-404D-82F8-B506F53967DE}.Debug|x86.ActiveCfg = Debug|Win32
		{0F0DB29F-2B5E-404D-82F8-B506F53967DE}.Debug|x86.Build.0 = Debug|Win32
		{0F0DB29F-2B5E-404D-82F8-B506F53967DE}.Release|x64.ActiveCfg = Release|x64
		{0F0DB29F-2B5E-404D-82F8-B506F53967DE}.Release|x64.Build.0 = Release|x64
		{0F0DB29F-2B5E-404D-82F8-B506F53967DE}.Release|x86.ActiveCfg = Release|Win32
		{0F0DB29F-2B5E-404D-82F8-B506F53967DE}.Release|x86.Build.0 = Release|Win32
		{A29260C7-5A67-4935-A6E6-964AE7D10F3E}.Debug|x64.ActiveCfg = Debug|x64
		{A29260C7-5A67-4935-A6E6-964AE7D10F3E}.Debug|x64.Build.0 = Debug|x64
		{A29260C7-5A67-4935-A6E6-964AE7D10F3E}.Debug|x86.ActiveCfg = Debug|Win32
		{A29260C7-5A67-4935-A6E6-964AE7D10F3E}.Debug|x86.Build.0 = Debug|Win32
		{A29260C7-5A67-4935-A6E6-964AE7D10F3E}.Release|x64.ActiveCfg = Release|x64
		{A29260C7-5A67-4935-A6E6-964AE7D10F3E}.Release|x64.Build.0 = Release|x64
		{A29260C7-5A67-4935-A6E6-964AE7D10F3E}.Release|x86.ActiveCfg = Release|Win32
		{A29260C7-5A67-4935-A6E6-964AE7D10F3E}.Release|x86.Build.0 = Release|Win32
	EndGlobalSection
	GlobalSection(SolutionProperties) = preSolution
		HideSolutionNode = FALSE
	EndGlobalSection
EndGlobal
